hash: d9247b1d8354510f51039bc75c705e647c5c2fba84b2178ba7cc723b65177774
updated: 2019-04-17T17:52:31.187297+09:00
imports:
- name: github.com/armon/go-metrics
  version: f0300d1749da6fa982027e449ec0c7a145510c3c
- name: github.com/aws/aws-sdk-go
  version: bf5a338fa83adcc4d2af94535ee7137679ed365e
  subpackages:
  - aws
  - aws/awserr
  - aws/awsutil
  - aws/client
  - aws/client/metadata
  - aws/corehandlers
  - aws/credentials
  - aws/credentials/ec2rolecreds
  - aws/credentials/endpointcreds
  - aws/credentials/processcreds
  - aws/credentials/stscreds
  - aws/csm
  - aws/defaults
  - aws/ec2metadata
  - aws/endpoints
  - aws/request
  - aws/session
  - aws/signer/v4
  - internal/ini
  - internal/sdkio
  - internal/sdkrand
  - internal/sdkuri
  - internal/shareddefaults
  - private/protocol
  - private/protocol/ec2query
  - private/protocol/query
  - private/protocol/query/queryutil
  - private/protocol/rest
  - private/protocol/xml/xmlutil
  - service/ec2
  - service/ec2/ec2iface
  - service/sts
- name: github.com/Azure/go-ntlmssp
  version: 4a21cbd618b459155f8b8ee7f4491cd54f5efa77
- name: github.com/cheggaaa/pb
  version: f907f6f5dd81f77c2bbc1cde92e4c5a04720cb11
- name: github.com/ChrisTrenkamp/goxpath
  version: c385f95c6022e7756e91beac5f5510872f7dcb7d
  subpackages:
  - internal/execxp
  - internal/execxp/findutil
  - internal/execxp/intfns
  - internal/xsort
  - lexer
  - parser
  - parser/pathexpr
  - tree
  - tree/xmltree
  - tree/xmltree/xmlbuilder
  - tree/xmltree/xmlele
  - tree/xmltree/xmlnode
  - xconst
- name: github.com/dylanmei/iso8601
  version: 2075bf119b58e5576c6ed9f867b8f3d17f2e54d4
- name: github.com/garyburd/redigo
  version: a69d19351219b6dd56f274f96d85a7014a2ec34e
  subpackages:
  - internal
  - redis
- name: github.com/gofrs/uuid
  version: 2593f3d8aa45b432942fe24758a279312d0f8719
- name: github.com/golang/protobuf
  version: e91709a02e0e8ff8b86b7aa913fdc9ae9498e825
  subpackages:
  - proto
  - ptypes
  - ptypes/any
  - ptypes/duration
  - ptypes/timestamp
- name: github.com/golang/snappy
  version: 2a8bb927dd31d8daada140a5d09578521ce5c36a
- name: github.com/hashicorp/consul
  version: d909766403980df348d787d9119f2ebb4628f6c1
  subpackages:
  - api
- name: github.com/hashicorp/errwrap
  version: 8a6fb523712970c966eefc6b39ed2c5e74880354
- name: github.com/hashicorp/go-checkpoint
  version: bbe6c410aa4be4194cb490a2bde8c3c33f295541
- name: github.com/hashicorp/go-cleanhttp
  version: d3fcbee8e1810ecee4bdbf415f42f84cfd0e3361
- name: github.com/hashicorp/go-hclog
  version: 6907afbebd2eef854f0be9194eb79b0ba75d7b29
- name: github.com/hashicorp/go-immutable-radix
  version: 27df80928bb34bb1b0d6d0e01b9e679902e7a6b5
- name: github.com/hashicorp/go-multierror
  version: 886a7fbe3eb1c874d46f623bfa70af45f425b3d1
- name: github.com/hashicorp/go-plugin
  version: 52e1c4730856c1438ced7597c9b5c585a7bd06a2
  subpackages:
  - internal/plugin
- name: github.com/hashicorp/go-retryablehttp
  version: 4ea34a9a437e0e910fe5fea5be81372a39336bb0
- name: github.com/hashicorp/go-rootcerts
  version: 63503fb4e1eca22f9ae0f90b49c5d5538a0e87eb
- name: github.com/hashicorp/go-sockaddr
  version: c7188e74f6acae5a989bdc959aa779f8b9f42faf
- name: github.com/hashicorp/go-uuid
  version: 4f571afc59f3043a65f8fe6bf46d887b10a01d43
- name: github.com/hashicorp/go-version
  version: d40cf49b3a77bba84a7afdbd7f1dc295d114efb1
- name: github.com/hashicorp/golang-lru
  version: 7087cb70de9f7a8bc0a10c375cb0d2280a8edf9c
  subpackages:
  - simplelru
- name: github.com/hashicorp/hcl
  version: 65a6292f0157eff210d03ed1bf6c59b190b8b906
  subpackages:
  - hcl/ast
  - hcl/parser
  - hcl/scanner
  - hcl/strconv
  - hcl/token
  - json/parser
  - json/scanner
  - json/token
- name: github.com/hashicorp/packer
  version: 542cb1d872b4fbba57f34ebb5913a266017a38df
  subpackages:
  - builder/amazon/common
  - builder/amazon/ebs
  - builder/amazon/instance
  - common
  - common/random
  - common/uuid
  - communicator/none
  - communicator/ssh
  - communicator/winrm
  - helper/common
  - helper/communicator
  - helper/config
  - helper/multistep
  - helper/ssh
  - helper/useragent
  - packer
  - packer/plugin
  - packer/rpc
  - packer/tmp
  - template
  - template/interpolate
  - version
- name: github.com/hashicorp/serf
  version: 15cfd05de3dffb3664aa37b06e91f970b825e380
  subpackages:
  - coordinate
- name: github.com/hashicorp/vault
  version: 58578106dc232608b064b27938d4e424d12f8220
  subpackages:
  - api
  - sdk/helper/certutil
  - sdk/helper/compressutil
  - sdk/helper/consts
  - sdk/helper/errutil
  - sdk/helper/hclutil
  - sdk/helper/jsonutil
  - sdk/helper/mlock
  - sdk/helper/parseutil
  - sdk/helper/pluginutil
  - sdk/helper/strutil
  - sdk/helper/wrapping
  - sdk/version
- name: github.com/hashicorp/yamux
  version: 2f1d1f20f75d5404f53b9edf6b53ed5505508675
- name: github.com/jmespath/go-jmespath
  version: c2b33e8439af944379acbdd9c3a5fe0bc44bd8a5
- name: github.com/kr/fs
  version: 1455def202f6e05b95cc7bfc7e8ae67ae5141eba
- name: github.com/masterzen/simplexml
  version: 31eea30827864c9ab643aa5a0d5b2d4988ec8409
  subpackages:
  - dom
- name: github.com/masterzen/winrm
  version: 1d17eaf15943ca3554cdebb3b1b10aaa543a0b7e
  subpackages:
  - soap
- name: github.com/mattn/go-runewidth
  version: 703b5e6b11ae25aeb2af9ebb5d5fdf8fa2575211
- name: github.com/mitchellh/go-fs
  version: b7b9ca407ffff465de12fc37ccbb81ea8b428c43
  subpackages:
  - fat
- name: github.com/mitchellh/go-homedir
  version: af06845cf3004701891bf4fdb884bfe4920b3727
- name: github.com/mitchellh/go-testing-interface
  version: 6d0b8010fcc857872e42fc6c931227569016843c
- name: github.com/mitchellh/iochan
  version: b6e3aadd28864e14dae41ff5c7261455b1242d24
- name: github.com/mitchellh/mapstructure
  version: 3536a929edddb9a5b34bd6861dc4a9647cb459fe
- name: github.com/mitchellh/reflectwalk
  version: eecee6c969c02c8cc2ae48e1e269843ae8590796
- name: github.com/motymichaely/packer-post-processor-redis
  version: ca59c773f60e520938611602996450857f12c3dd
  subpackages:
  - redis
- name: github.com/nu7hatch/gouuid
  version: 179d4d0c4d8d407a32af483c2354df1d2c91e6c3
- name: github.com/oklog/run
  version: 6934b124db28979da51d3470dadfa34d73d72652
- name: github.com/packer-community/winrmcp
  version: c76d91c1e7db27b0868c5d09e292bb540616c9a2
  subpackages:
  - winrmcp
- name: github.com/pierrec/lz4
  version: 9419d2361c8ae111073ffe3337ecc364fb590921
  subpackages:
  - internal/xxh32
- name: github.com/pkg/errors
  version: 27936f6d90f9c8e1145f11ed52ffffbfdb9e0af7
- name: github.com/pkg/sftp
  version: 5bcd86d72480cb6de4bc5804f832e27855ba033f
- name: github.com/rwtodd/Go.Sed
  version: 906bc69c939459588697920a2bef44a11437693b
  subpackages:
  - sed
- name: github.com/ryanuber/go-glob
  version: 51a8f68e6c24dc43f1e371749c89a267de4ebc53
- name: github.com/ugorji/go
  version: d09a80c1e0c3162e022a114ab0f037e2596969e6
  subpackages:
  - codec
- name: golang.org/x/crypto
  version: 88737f569e3a9c7ab309cdc09a07fe7fc87233c3
  subpackages:
  - curve25519
  - ed25519
  - ed25519/internal/edwards25519
  - internal/chacha20
  - internal/subtle
  - md4
  - pbkdf2
  - poly1305
  - ssh
  - ssh/agent
- name: golang.org/x/net
  version: 1da14a5a36f220ea3f03470682b737b1dfd5de22
  subpackages:
  - context
  - html
  - html/atom
  - html/charset
  - http/httpguts
  - http2
  - http2/hpack
  - idna
  - internal/socks
  - internal/timeseries
  - proxy
  - trace
- name: golang.org/x/sys
  version: 12500544f89f9420afe9529ba8940bf72d294972
  subpackages:
  - cpu
  - unix
- name: golang.org/x/text
  version: f4905fbd45b6790792202848439271c74074bbfd
  subpackages:
  - encoding
  - encoding/charmap
  - encoding/htmlindex
  - encoding/internal
  - encoding/internal/identifier
  - encoding/japanese
  - encoding/korean
  - encoding/simplifiedchinese
  - encoding/traditionalchinese
  - encoding/unicode
  - internal/language
  - internal/language/compact
  - internal/tag
  - internal/utf8internal
  - language
  - runes
  - secure/bidirule
  - transform
  - unicode/bidi
  - unicode/norm
- name: golang.org/x/time
  version: 9d24e82272b4f38b78bc8cff74fa936d31ccd8ef
  subpackages:
  - rate
- name: google.golang.org/genproto
  version: d1146b9035b912113a38af3b138eb2af567b2c67
  subpackages:
  - googleapis/rpc/status
- name: google.golang.org/grpc
  version: d7af56a5e494ceb44a0749ca576c83cfd3a42bd2
  subpackages:
  - balancer
  - balancer/base
  - balancer/roundrobin
  - binarylog/grpc_binarylog_v1
  - codes
  - connectivity
  - credentials
  - credentials/internal
  - encoding
  - encoding/proto
  - grpclog
  - health
  - health/grpc_health_v1
  - internal
  - internal/backoff
  - internal/balancerload
  - internal/binarylog
  - internal/channelz
  - internal/envconfig
  - internal/grpcrand
  - internal/grpcsync
  - internal/syscall
  - internal/transport
  - keepalive
  - metadata
  - naming
  - peer
  - resolver
  - resolver/dns
  - resolver/passthrough
  - stats
  - status
  - tap
- name: gopkg.in/square/go-jose.v2
  version: 730df5f748271903322feb182be83b43ebbbe27d
  subpackages:
  - cipher
  - json
  - jwt
testImports:
- name: github.com/rafaeljusto/redigomock
  version: 257e089e14a15ee7bf9e8e845fd1229b6bf80048
